
Microsoft Visual Studio Solution File, Format Version 12.00
# Visual Studio Version 17
VisualStudioVersion = 17.6.33829.357
MinimumVisualStudioVersion = 10.0.40219.1
Project("{FAE04EC0-301F-11D3-BF4B-00C04F79EFBC}") = "Final", "Final.csproj", "{AFD0B92B-4EB6-4563-B0FE-98459C022553}"
EndProject
Global
	GlobalSection(SolutionConfigurationPlatforms) = preSolution
		Debug|Any CPU = Debug|Any CPU
		Release|Any CPU = Release|Any CPU
	EndGlobalSection
	GlobalSection(ProjectConfigurationPlatforms) = postSolution
		{AFD0B92B-4EB6-4563-B0FE-98459C022553}.Debug|Any CPU.ActiveCfg = Debug|Any CPU
		{AFD0B92B-4EB6-4563-B0FE-98459C022553}.Debug|Any CPU.Build.0 = Debug|Any CPU
		{AFD0B92B-4EB6-4563-B0FE-98459C022553}.Release|Any CPU.ActiveCfg = Release|Any CPU
		{AFD0B92B-4EB6-4563-B0FE-98459C022553}.Release|Any CPU.Build.0 = Release|Any CPU
	EndGlobalSection
	GlobalSection(SolutionProperties) = preSolution
		HideSolutionNode = FALSE
	EndGlobalSection
	GlobalSection(ExtensibilityGlobals) = postSolution
		SolutionGuid = {C4415DBB-E4C9-4E49-A44E-1F1366ACA6EB}
	EndGlobalSection
EndGlobal
